<?xml version="1.0" encoding="utf-8"?>
<Project ToolsVersion="4.0" xmlns="http://schemas.microsoft.com/developer/msbuild/2003">
  <ItemGroup>
    <Filter Include="Source Files">
      <UniqueIdentifier>{4FC737F1-C7A5-4376-A066-2A32D752A2FF}</UniqueIdentifier>
      <Extensions>cpp;c;cc;cxx;def;odl;idl;hpj;bat;asm;asmx</Extensions>
    </Filter>
    <Filter Include="Header Files">
      <UniqueIdentifier>{93995380-89BD-4b04-88EB-625FBE52EBFB}</UniqueIdentifier>
      <Extensions>h;hpp;hxx;hm;inl;inc;xsd</Extensions>
    </Filter>
    <Filter Include="Resource Files">
      <UniqueIdentifier>{67DA6AB6-F800-4c08-8B7A-83BB121AAD01}</UniqueIdentifier>
      <Extensions>rc;ico;cur;bmp;dlg;rc2;rct;bin;rgs;gif;jpg;jpeg;jpe;resx;tiff;tif;png;wav</Extensions>
    </Filter>
  </ItemGroup>
  <ItemGroup>
    <ClCompile Include="mdi.cpp">
      <Filter>Source Files</Filter>
    </ClCompile>
    <ClCompile Include="BoardCanvas.cpp">
      <Filter>Source Files</Filter>
    </ClCompile>
    <ClCompile Include="clockthread.cpp">
      <Filter>Source Files</Filter>
    </ClCompile>
    <ClCompile Include="DebugPrintf.cpp">
      <Filter>Source Files</Filter>
    </ClCompile>
    <ClCompile Include="lcdwindow.cpp">
      <Filter>Source Files</Filter>
    </ClCompile>
    <ClCompile Include="ListBox.cpp">
      <Filter>Source Files</Filter>
    </ClCompile>
    <ClCompile Include="MyPipePanel.cpp">
      <Filter>Source Files</Filter>
    </ClCompile>
    <ClCompile Include="NotationFrame.cpp">
      <Filter>Source Files</Filter>
    </ClCompile>
    <ClCompile Include="RenderTimer.cpp">
      <Filter>Source Files</Filter>
    </ClCompile>
    <ClCompile Include="VariationSelectionFrame.cpp">
      <Filter>Source Files</Filter>
    </ClCompile>
    <ClCompile Include="MyListPanel.cpp">
      <Filter>Source Files</Filter>
    </ClCompile>
    <ClCompile Include="PromotionSelectionDialog.cpp">
      <Filter>Source Files</Filter>
    </ClCompile>
    <ClCompile Include="EngineLoadingScreen.cpp">
      <Filter>Source Files</Filter>
    </ClCompile>
    <ClCompile Include="PositionSetupFrame.cpp">
      <Filter>Source Files</Filter>
    </ClCompile>
    <ClCompile Include="EngineListDialog.cpp">
      <Filter>Source Files</Filter>
    </ClCompile>
    <ClCompile Include="GameInfoDialog.cpp">
      <Filter>Source Files</Filter>
    </ClCompile>
    <ClCompile Include="ThemesDialog.cpp">
      <Filter>Source Files</Filter>
    </ClCompile>
    <ClCompile Include="OptionsDialog.cpp">
      <Filter>Source Files</Filter>
    </ClCompile>
    <ClCompile Include="VariationBoardCanvas.cpp">
      <Filter>Source Files</Filter>
    </ClCompile>
    <ClCompile Include="MiscUtils.cpp">
      <Filter>Source Files</Filter>
    </ClCompile>
    <ClCompile Include="MiniBoardCanvas.cpp">
      <Filter>Source Files</Filter>
    </ClCompile>
    <ClCompile Include="UCIEngineOptionsDialog.cpp">
      <Filter>Source Files</Filter>
    </ClCompile>
    <ClCompile Include="TreeCanvas.cpp">
      <Filter>Source Files</Filter>
    </ClCompile>
    <ClCompile Include="EngineAnalysisCanvas.cpp">
      <Filter>Source Files</Filter>
    </ClCompile>
    <ClCompile Include="SetDateDialog.cpp">
      <Filter>Source Files</Filter>
    </ClCompile>
    <ClCompile Include="OptionsFrame.cpp">
      <Filter>Source Files</Filter>
    </ClCompile>
    <ClCompile Include="GameClock.cpp">
      <Filter>Source Files</Filter>
    </ClCompile>
    <ClCompile Include="PGLookup.cpp">
      <Filter>Source Files</Filter>
    </ClCompile>
    <ClCompile Include="PGKey.cpp">
      <Filter>Source Files</Filter>
    </ClCompile>
    <ClCompile Include="GameDataViewPanel.cpp">
      <Filter>Source Files</Filter>
    </ClCompile>
    <ClCompile Include="NewGameDialog.cpp">
      <Filter>Source Files</Filter>
    </ClCompile>
    <ClCompile Include="GameAnalyser.cpp">
      <Filter>Source Files</Filter>
    </ClCompile>
    <ClCompile Include="MoveDataCanvas.cpp">
      <Filter>Source Files</Filter>
    </ClCompile>
    <ClCompile Include="ScoreGraph.cpp">
      <Filter>Source Files</Filter>
    </ClCompile>
    <ClCompile Include="EngineMatchDialog.cpp">
      <Filter>Source Files</Filter>
    </ClCompile>
    <ClCompile Include="BatchAnalysisDialog.cpp">
      <Filter>Source Files</Filter>
    </ClCompile>
    <ClCompile Include="FullAnalysisDialog.cpp">
      <Filter>Source Files</Filter>
    </ClCompile>
    <ClCompile Include="HashTable.cpp">
      <Filter>Source Files</Filter>
    </ClCompile>
    <ClCompile Include="MemFile.cpp">
      <Filter>Source Files</Filter>
    </ClCompile>
    <ClCompile Include="D3D9Base.cpp">
      <Filter>Source Files</Filter>
    </ClCompile>
    <ClCompile Include="BaseGraphicsBoard.cpp">
      <Filter>Source Files</Filter>
    </ClCompile>
    <ClCompile Include="D3D9Board.cpp">
      <Filter>Source Files</Filter>
    </ClCompile>
    <ClCompile Include="NotationCanvas.cpp">
      <Filter>Source Files</Filter>
    </ClCompile>
    <ClCompile Include="TimeControlSettingsDialog.cpp">
      <Filter>Source Files</Filter>
    </ClCompile>
    <ClCompile Include="BookListDialog.cpp">
      <Filter>Source Files</Filter>
    </ClCompile>
    <ClCompile Include="PlayVsComputerDialog.cpp">
      <Filter>Source Files</Filter>
    </ClCompile>
    <ClCompile Include="FAWizard.cpp">
      <Filter>Source Files</Filter>
    </ClCompile>
    <ClCompile Include="PersonalityListDialog.cpp">
      <Filter>Source Files</Filter>
    </ClCompile>
    <ClCompile Include="MemoryFilePGN.cpp">
      <Filter>Source Files</Filter>
    </ClCompile>
    <ClCompile Include="HeapSort.cpp">
      <Filter>Source Files</Filter>
    </ClCompile>
    <ClCompile Include="ColorPallete.cpp">
      <Filter>Source Files</Filter>
    </ClCompile>
    <ClCompile Include="ECO_FilterDialog.cpp">
      <Filter>Source Files</Filter>
    </ClCompile>
    <ClCompile Include="Bitboard_LB.cpp">
      <Filter>Source Files</Filter>
    </ClCompile>
    <ClCompile Include="TreesStatsCanvas.cpp">
      <Filter>Source Files</Filter>
    </ClCompile>
    <ClCompile Include="GridFrame.cpp">
      <Filter>Source Files</Filter>
    </ClCompile>
    <ClCompile Include="MatchResultsCanvas.cpp">
      <Filter>Source Files</Filter>
    </ClCompile>
    <ClCompile Include="ScorePanel.cpp">
      <Filter>Source Files</Filter>
    </ClCompile>
    <ClCompile Include="VariationBoardFrame.cpp">
      <Filter>Source Files</Filter>
    </ClCompile>
    <ClCompile Include="D3D9VariationBoard.cpp">
      <Filter>Source Files</Filter>
    </ClCompile>
    <ClCompile Include="FullAnalysisReportCanvas.cpp">
      <Filter>Source Files</Filter>
    </ClCompile>
    <ClCompile Include="MatchResultsPanel.cpp">
      <Filter>Source Files</Filter>
    </ClCompile>
    <ClCompile Include="FindDialog.cpp">
      <Filter>Source Files</Filter>
    </ClCompile>
    <ClCompile Include="WorkerThread.cpp">
      <Filter>Source Files</Filter>
    </ClCompile>
  </ItemGroup>
  <ItemGroup>
    <ClInclude Include="mdi.h">
      <Filter>Header Files</Filter>
    </ClInclude>
    <ClInclude Include="BoardCanvas.h">
      <Filter>Header Files</Filter>
    </ClInclude>
    <ClInclude Include="ByteBoard.h">
      <Filter>Header Files</Filter>
    </ClInclude>
    <ClInclude Include="ChessSquare.h">
      <Filter>Header Files</Filter>
    </ClInclude>
    <ClInclude Include="clockthread.h">
      <Filter>Header Files</Filter>
    </ClInclude>
    <ClInclude Include="DebugPrintf.h">
      <Filter>Header Files</Filter>
    </ClInclude>
    <ClInclude Include="Game.h">
      <Filter>Header Files</Filter>
    </ClInclude>
    <ClInclude Include="headers.h">
      <Filter>Header Files</Filter>
    </ClInclude>
    <ClInclude Include="lcdsampleframe.h">
      <Filter>Header Files</Filter>
    </ClInclude>
    <ClInclude Include="lcdwindow.h">
      <Filter>Header Files</Filter>
    </ClInclude>
    <ClInclude Include="ListBox.h">
      <Filter>Header Files</Filter>
    </ClInclude>
    <ClInclude Include="MyPipePanel.h">
      <Filter>Header Files</Filter>
    </ClInclude>
    <ClInclude Include="NotationCanvas.h">
      <Filter>Header Files</Filter>
    </ClInclude>
    <ClInclude Include="NotationFrame.h">
      <Filter>Header Files</Filter>
    </ClInclude>
    <ClInclude Include="PgnLoad.h">
      <Filter>Header Files</Filter>
    </ClInclude>
    <ClInclude Include="RenderTimer.h">
      <Filter>Header Files</Filter>
    </ClInclude>
    <ClInclude Include="Timer.h">
      <Filter>Header Files</Filter>
    </ClInclude>
    <ClInclude Include="VariationSelectionFrame.h">
      <Filter>Header Files</Filter>
    </ClInclude>
    <ClInclude Include="MyListPanel.h">
      <Filter>Header Files</Filter>
    </ClInclude>
    <ClInclude Include="PromotionSelectionDialog.h">
      <Filter>Header Files</Filter>
    </ClInclude>
    <ClInclude Include="EngineLoadingScreen.h">
      <Filter>Header Files</Filter>
    </ClInclude>
    <ClInclude Include="PositionSetupFrame.h">
      <Filter>Header Files</Filter>
    </ClInclude>
    <ClInclude Include="EngineListDialog.h">
      <Filter>Header Files</Filter>
    </ClInclude>
    <ClInclude Include="GameInfoDialog.h">
      <Filter>Header Files</Filter>
    </ClInclude>
    <ClInclude Include="ThemesDialog.h">
      <Filter>Header Files</Filter>
    </ClInclude>
    <ClInclude Include="OptionsDialog.h">
      <Filter>Header Files</Filter>
    </ClInclude>
    <ClInclude Include="VariationBoardCanvas.h">
      <Filter>Header Files</Filter>
    </ClInclude>
    <ClInclude Include="GameScoreGraphCanvas.h">
      <Filter>Header Files</Filter>
    </ClInclude>
    <ClInclude Include="MiscUtils.h">
      <Filter>Header Files</Filter>
    </ClInclude>
    <ClInclude Include="MiniBoardCanvas.h">
      <Filter>Header Files</Filter>
    </ClInclude>
    <ClInclude Include="UCIEngineOptionsDialog.h">
      <Filter>Header Files</Filter>
    </ClInclude>
    <ClInclude Include="TreeCanvas.h">
      <Filter>Header Files</Filter>
    </ClInclude>
    <ClInclude Include="GameClock.h">
      <Filter>Header Files</Filter>
    </ClInclude>
    <ClInclude Include="EngineAnalysisCanvas.h">
      <Filter>Header Files</Filter>
    </ClInclude>
    <ClInclude Include="SetDateDialog.h">
      <Filter>Header Files</Filter>
    </ClInclude>
    <ClInclude Include="FenTree.h">
      <Filter>Header Files</Filter>
    </ClInclude>
    <ClInclude Include="OptionsFrame.h">
      <Filter>Header Files</Filter>
    </ClInclude>
    <ClInclude Include="PGKey.h">
      <Filter>Header Files</Filter>
    </ClInclude>
    <ClInclude Include="PGLookup.h">
      <Filter>Header Files</Filter>
    </ClInclude>
    <ClInclude Include="GameDataViewPanel.h">
      <Filter>Header Files</Filter>
    </ClInclude>
    <ClInclude Include="NewGameDialog.h">
      <Filter>Header Files</Filter>
    </ClInclude>
    <ClInclude Include="GameAnalyser.h">
      <Filter>Header Files</Filter>
    </ClInclude>
    <ClInclude Include="MyXboardPipePanel.h">
      <Filter>Header Files</Filter>
    </ClInclude>
    <ClInclude Include="EngineManager.h">
      <Filter>Header Files</Filter>
    </ClInclude>
    <ClInclude Include="PolyglotBookManager.h">
      <Filter>Header Files</Filter>
    </ClInclude>
    <ClInclude Include="MoveDataCanvas.h">
      <Filter>Header Files</Filter>
    </ClInclude>
    <ClInclude Include="ScoreGraph.h">
      <Filter>Header Files</Filter>
    </ClInclude>
    <ClInclude Include="EngineMatchDialog.h">
      <Filter>Header Files</Filter>
    </ClInclude>
    <ClInclude Include="BaseGraphicsBoard.h">
      <Filter>Header Files</Filter>
    </ClInclude>
    <ClInclude Include="FullAnalysisDialog.h">
      <Filter>Header Files</Filter>
    </ClInclude>
    <ClInclude Include="BatchAnalysisDialog.h">
      <Filter>Header Files</Filter>
    </ClInclude>
    <ClInclude Include="HashTable.h">
      <Filter>Header Files</Filter>
    </ClInclude>
    <ClInclude Include="MemFile.h">
      <Filter>Header Files</Filter>
    </ClInclude>
    <ClInclude Include="D3D9Base.h">
      <Filter>Header Files</Filter>
    </ClInclude>
    <ClInclude Include="D3D9Board.h">
      <Filter>Header Files</Filter>
    </ClInclude>
    <ClInclude Include="TimeControlSettingsDialog.h">
      <Filter>Header Files</Filter>
    </ClInclude>
    <ClInclude Include="MCTS_Analysis.h">
      <Filter>Header Files</Filter>
    </ClInclude>
    <ClInclude Include="BookListDialog.h">
      <Filter>Header Files</Filter>
    </ClInclude>
    <ClInclude Include="PlayVsComputerDialog.h">
      <Filter>Header Files</Filter>
    </ClInclude>
    <ClInclude Include="FAWizard.h">
      <Filter>Header Files</Filter>
    </ClInclude>
    <ClInclude Include="EnginePersonality.h">
      <Filter>Header Files</Filter>
    </ClInclude>
    <ClInclude Include="PersonalityListDialog.h">
      <Filter>Header Files</Filter>
    </ClInclude>
    <ClInclude Include="MemoryFilePGN.h">
      <Filter>Header Files</Filter>
    </ClInclude>
    <ClInclude Include="HeapSort.h">
      <Filter>Header Files</Filter>
    </ClInclude>
    <ClInclude Include="ColorPallete.h">
      <Filter>Header Files</Filter>
    </ClInclude>
    <ClInclude Include="ECO_FilterDialog.h">
      <Filter>Header Files</Filter>
    </ClInclude>
    <ClInclude Include="bitboard_defs.h">
      <Filter>Header Files</Filter>
    </ClInclude>
    <ClInclude Include="BitBoard_LB.h">
      <Filter>Header Files</Filter>
    </ClInclude>
    <ClInclude Include="TreeStatsCanvas.h">
      <Filter>Header Files</Filter>
    </ClInclude>
    <ClInclude Include="ExpandableArray.h">
      <Filter>Header Files</Filter>
    </ClInclude>
    <ClInclude Include="MatchResultsCanvas.h">
      <Filter>Header Files</Filter>
    </ClInclude>
    <ClInclude Include="ScorePanel.h">
      <Filter>Header Files</Filter>
    </ClInclude>
    <ClInclude Include="VariationBoardFrame.h">
      <Filter>Header Files</Filter>
    </ClInclude>
    <ClInclude Include="D3D9VariationBoard.h">
      <Filter>Header Files</Filter>
    </ClInclude>
    <ClInclude Include="BaseVariationBoard.h">
      <Filter>Header Files</Filter>
    </ClInclude>
    <ClInclude Include="FullAnalysisReportCanvas.h">
      <Filter>Header Files</Filter>
    </ClInclude>
    <ClInclude Include="MatchResultsPanel.h">
      <Filter>Header Files</Filter>
    </ClInclude>
    <ClInclude Include="FindDialog.h">
      <Filter>Header Files</Filter>
    </ClInclude>
    <ClInclude Include="WorkerThread.h">
      <Filter>Header Files</Filter>
    </ClInclude>
    <ClInclude Include="GridFrame.h">
      <Filter>Header Files</Filter>
    </ClInclude>
    <ClInclude Include="PositionSearchDialog.h">
      <Filter>Header Files</Filter>
    </ClInclude>
  </ItemGroup>
  <ItemGroup>
    <ResourceCompile Include="mdi.rc">
      <Filter>Resource Files</Filter>
    </ResourceCompile>
  </ItemGroup>
</Project>